
Microsoft Visual Studio Solution File, Format Version 12.00
Project("{FAE04EC0-301F-11D3-BF4B-00C04F79EFBC}") = "ConsoleApp", "ConsoleApp\ConsoleApp.csproj", "{22778B77-6876-462C-BC67-D4F051FA9C2A}"
EndProject
Project("{FAE04EC0-301F-11D3-BF4B-00C04F79EFBC}") = "ConsoleAppSecondsCountdown", "ConsoleAppSecondsCountdown\ConsoleAppSecondsCountdown.csproj", "{C4880033-8E7D-4953-9FBE-F9C4D0E8FB5D}"
EndProject
Global
	GlobalSection(SolutionConfigurationPlatforms) = preSolution
		Debug|Any CPU = Debug|Any CPU
		Release|Any CPU = Release|Any CPU
	EndGlobalSection
	GlobalSection(ProjectConfigurationPlatforms) = postSolution
		{22778B77-6876-462C-BC67-D4F051FA9C2A}.Debug|Any CPU.ActiveCfg = Debug|Any CPU
		{22778B77-6876-462C-BC67-D4F051FA9C2A}.Debug|Any CPU.Build.0 = Debug|Any CPU
		{22778B77-6876-462C-BC67-D4F051FA9C2A}.Release|Any CPU.ActiveCfg = Release|Any CPU
		{22778B77-6876-462C-BC67-D4F051FA9C2A}.Release|Any CPU.Build.0 = Release|Any CPU
		{C4880033-8E7D-4953-9FBE-F9C4D0E8FB5D}.Debug|Any CPU.ActiveCfg = Debug|Any CPU
		{C4880033-8E7D-4953-9FBE-F9C4D0E8FB5D}.Debug|Any CPU.Build.0 = Debug|Any CPU
		{C4880033-8E7D-4953-9FBE-F9C4D0E8FB5D}.Release|Any CPU.ActiveCfg = Release|Any CPU
		{C4880033-8E7D-4953-9FBE-F9C4D0E8FB5D}.Release|Any CPU.Build.0 = Release|Any CPU
	EndGlobalSection
EndGlobal
